// !$*UTF8*$!
{
	archiveVersion = 1;
	classes = {
	};
	objectVersion = 46;
	objects = {

/* Begin PBXBuildFile section */
		8CD1AD59150DEC1700A8CF19 /* UIKit.framework in Frameworks */ = {isa = PBXBuildFile; fileRef = 8CD1AD58150DEC1700A8CF19 /* UIKit.framework */; };
		8CD1AD5B150DEC1700A8CF19 /* Foundation.framework in Frameworks */ = {isa = PBXBuildFile; fileRef = 8CD1AD5A150DEC1700A8CF19 /* Foundation.framework */; };
		8CD1AD5D150DEC1700A8CF19 /* CoreGraphics.framework in Frameworks */ = {isa = PBXBuildFile; fileRef = 8CD1AD5C150DEC1700A8CF19 /* CoreGraphics.framework */; };
		8CD1AD63150DEC1700A8CF19 /* InfoPlist.strings in Resources */ = {isa = PBXBuildFile; fileRef = 8CD1AD61150DEC1700A8CF19 /* InfoPlist.strings */; };
		8CD1AD65150DEC1700A8CF19 /* main.m in Sources */ = {isa = PBXBuildFile; fileRef = 8CD1AD64150DEC1700A8CF19 /* main.m */; };
		8CD1AD69150DEC1700A8CF19 /* AppDelegate.m in Sources */ = {isa = PBXBuildFile; fileRef = 8CD1AD68150DEC1700A8CF19 /* AppDelegate.m */; };
		8CD1AD6C150DEC1700A8CF19 /* FirstViewController.m in Sources */ = {isa = PBXBuildFile; fileRef = 8CD1AD6B150DEC1700A8CF19 /* FirstViewController.m */; };
		8CD1AD6E150DEC1700A8CF19 /* first.png in Resources */ = {isa = PBXBuildFile; fileRef = 8CD1AD6D150DEC1700A8CF19 /* first.png */; };
		8CD1AD70150DEC1700A8CF19 /* first@2x.png in Resources */ = {isa = PBXBuildFile; fileRef = 8CD1AD6F150DEC1700A8CF19 /* first@2x.png */; };
		8CD1AD73150DEC1700A8CF19 /* SecondViewController.m in Sources */ = {isa = PBXBuildFile; fileRef = 8CD1AD72150DEC1700A8CF19 /* SecondViewController.m */; };
		8CD1AD75150DEC1700A8CF19 /* second.png in Resources */ = {isa = PBXBuildFile; fileRef = 8CD1AD74150DEC1700A8CF19 /* second.png */; };
		8CD1AD77150DEC1700A8CF19 /* second@2x.png in Resources */ = {isa = PBXBuildFile; fileRef = 8CD1AD76150DEC1700A8CF19 /* second@2x.png */; };
		8CD1AD7A150DEC1700A8CF19 /* FirstViewController_iPhone.xib in Resources */ = {isa = PBXBuildFile; fileRef = 8CD1AD78150DEC1700A8CF19 /* FirstViewController_iPhone.xib */; };
		8CD1AD7D150DEC1700A8CF19 /* FirstViewController_iPad.xib in Resources */ = {isa = PBXBuildFile; fileRef = 8CD1AD7B150DEC1700A8CF19 /* FirstViewController_iPad.xib */; };
		8CD1AD80150DEC1700A8CF19 /* SecondViewController_iPhone.xib in Resources */ = {isa = PBXBuildFile; fileRef = 8CD1AD7E150DEC1700A8CF19 /* SecondViewController_iPhone.xib */; };
		8CD1AD83150DEC1700A8CF19 /* SecondViewController_iPad.xib in Resources */ = {isa = PBXBuildFile; fileRef = 8CD1AD81150DEC1700A8CF19 /* SecondViewController_iPad.xib */; };
/* End PBXBuildFile section */

/* Begin PBXFileReference section */
		8CD1AD54150DEC1700A8CF19 /* NewTest.app */ = {isa = PBXFileReference; explicitFileType = wrapper.application; includeInIndex = 0; path = NewTest.app; sourceTree = BUILT_PRODUCTS_DIR; };
		8CD1AD58150DEC1700A8CF19 /* UIKit.framework */ = {isa = PBXFileReference; lastKnownFileType = wrapper.framework; name = UIKit.framework; path = System/Library/Frameworks/UIKit.framework; sourceTree = SDKROOT; };
		8CD1AD5A150DEC1700A8CF19 /* Foundation.framework */ = {isa = PBXFileReference; lastKnownFileType = wrapper.framework; name = Foundation.framework; path = System/Library/Frameworks/Foundation.framework; sourceTree = SDKROOT; };
		8CD1AD5C150DEC1700A8CF19 /* CoreGraphics.framework */ = {isa = PBXFileReference; lastKnownFileType = wrapper.framework; name = CoreGraphics.framework; path = System/Library/Frameworks/CoreGraphics.framework; sourceTree = SDKROOT; };
		8CD1AD60150DEC1700A8CF19 /* NewTest-Info.plist */ = {isa = PBXFileReference; path = "NewTest-Info.plist"; sourceTree = "<group>"; };
		8CD1AD62150DEC1700A8CF19 /* en */ = {isa = PBXFileReference; lastKnownFileType = text.plist.strings; name = en; path = en.lproj/InfoPlist.strings; sourceTree = "<group>"; };
		8CD1AD64150DEC1700A8CF19 /* main.m */ = {isa = PBXFileReference; lastKnownFileType = sourcecode.c.objc; path = main.m; sourceTree = "<group>"; };
		8CD1AD66150DEC1700A8CF19 /* NewTest-Prefix.pch */ = {isa = PBXFileReference; path = "NewTest-Prefix.pch"; sourceTree = "<group>"; };
		8CD1AD67150DEC1700A8CF19 /* AppDelegate.h */ = {isa = PBXFileReference; path = AppDelegate.h; sourceTree = "<group>"; };
		8CD1AD68150DEC1700A8CF19 /* AppDelegate.m */ = {isa = PBXFileReference; lastKnownFileType = sourcecode.c.objc; path = AppDelegate.m; sourceTree = "<group>"; };
		8CD1AD6A150DEC1700A8CF19 /* FirstViewController.h */ = {isa = PBXFileReference; path = FirstViewController.h; sourceTree = "<group>"; };
		8CD1AD6B150DEC1700A8CF19 /* FirstViewController.m */ = {isa = PBXFileReference; lastKnownFileType = sourcecode.c.objc; path = FirstViewController.m; sourceTree = "<group>"; };
		8CD1AD6D150DEC1700A8CF19 /* first.png */ = {isa = PBXFileReference; lastKnownFileType = image.png; path = first.png; sourceTree = "<group>"; };
		8CD1AD6F150DEC1700A8CF19 /* first@2x.png */ = {isa = PBXFileReference; lastKnownFileType = image.png; path = "first@2x.png"; sourceTree = "<group>"; };
		8CD1AD71150DEC1700A8CF19 /* SecondViewController.h */ = {isa = PBXFileReference; path = SecondViewController.h; sourceTree = "<group>"; };
		8CD1AD72150DEC1700A8CF19 /* SecondViewController.m */ = {isa = PBXFileReference; lastKnownFileType = sourcecode.c.objc; path = SecondViewController.m; sourceTree = "<group>"; };
		8CD1AD74150DEC1700A8CF19 /* second.png */ = {isa = PBXFileReference; lastKnownFileType = image.png; path = second.png; sourceTree = "<group>"; };
		8CD1AD76150DEC1700A8CF19 /* second@2x.png */ = {isa = PBXFileReference; lastKnownFileType = image.png; path = "second@2x.png"; sourceTree = "<group>"; };
		8CD1AD79150DEC1700A8CF19 /* en */ = {isa = PBXFileReference; lastKnownFileType = file.xib; name = en; path = en.lproj/FirstViewController_iPhone.xib; sourceTree = "<group>"; };
		8CD1AD7C150DEC1700A8CF19 /* en */ = {isa = PBXFileReference; lastKnownFileType = file.xib; name = en; path = en.lproj/FirstViewController_iPad.xib; sourceTree = "<group>"; };
		8CD1AD7F150DEC1700A8CF19 /* en */ = {isa = PBXFileReference; lastKnownFileType = file.xib; name = en; path = en.lproj/SecondViewController_iPhone.xib; sourceTree = "<group>"; };
		8CD1AD82150DEC1700A8CF19 /* en */ = {isa = PBXFileReference; lastKnownFileType = file.xib; name = en; path = en.lproj/SecondViewController_iPad.xib; sourceTree = "<group>"; };
/* End PBXFileReference section */

/* Begin PBXFrameworksBuildPhase section */
		8CD1AD51150DEC1700A8CF19 /* Frameworks */ = {
			isa = PBXFrameworksBuildPhase;
			buildActionMask = 2147483647;
			files = (
				8CD1AD59150DEC1700A8CF19 /* UIKit.framework in Frameworks */,
				8CD1AD5B150DEC1700A8CF19 /* Foundation.framework in Frameworks */,
				8CD1AD5D150DEC1700A8CF19 /* CoreGraphics.framework in Frameworks */,
			);
			runOnlyForDeploymentPostprocessing = 0;
		};
/* End PBXFrameworksBuildPhase section */

/* Begin PBXGroup section */
		8CD1AD49150DEC1700A8CF19 = {
			isa = PBXGroup;
			children = (
				8CD1AD5E150DEC1700A8CF19 /* NewTest */,
				8CD1AD57150DEC1700A8CF19 /* Frameworks */,
				8CD1AD55150DEC1700A8CF19 /* Products */,
			);
			sourceTree = "<group>";
		};
		8CD1AD55150DEC1700A8CF19 /* Products */ = {
			isa = PBXGroup;
			children = (
				8CD1AD54150DEC1700A8CF19 /* NewTest.app */,
			);
			name = Products;
			sourceTree = "<group>";
		};
		8CD1AD57150DEC1700A8CF19 /* Frameworks */ = {
			isa = PBXGroup;
			children = (
				8CD1AD58150DEC1700A8CF19 /* UIKit.framework */,
				8CD1AD5A150DEC1700A8CF19 /* Foundation.framework */,
				8CD1AD5C150DEC1700A8CF19 /* CoreGraphics.framework */,
			);
			name = Frameworks;
			sourceTree = "<group>";
		};
		8CD1AD5E150DEC1700A8CF19 /* NewTest */ = {
			isa = PBXGroup;
			children = (
				8CD1AD67150DEC1700A8CF19 /* AppDelegate.h */,
				8CD1AD68150DEC1700A8CF19 /* AppDelegate.m */,
				8CD1AD6A150DEC1700A8CF19 /* FirstViewController.h */,
				8CD1AD6B150DEC1700A8CF19 /* FirstViewController.m */,
				8CD1AD6D150DEC1700A8CF19 /* first.png */,
				8CD1AD6F150DEC1700A8CF19 /* first@2x.png */,
				8CD1AD71150DEC1700A8CF19 /* SecondViewController.h */,
				8CD1AD72150DEC1700A8CF19 /* SecondViewController.m */,
				8CD1AD74150DEC1700A8CF19 /* second.png */,
				8CD1AD76150DEC1700A8CF19 /* second@2x.png */,
				8CD1AD78150DEC1700A8CF19 /* FirstViewController_iPhone.xib */,
				8CD1AD7B150DEC1700A8CF19 /* FirstViewController_iPad.xib */,
				8CD1AD7E150DEC1700A8CF19 /* SecondViewController_iPhone.xib */,
				8CD1AD81150DEC1700A8CF19 /* SecondViewController_iPad.xib */,
				8CD1AD5F150DEC1700A8CF19 /* Supporting Files */,
			);
			path = NewTest;
			sourceTree = "<group>";
		};
		8CD1AD5F150DEC1700A8CF19 /* Supporting Files */ = {
			isa = PBXGroup;
			children = (
				8CD1AD60150DEC1700A8CF19 /* NewTest-Info.plist */,
				8CD1AD61150DEC1700A8CF19 /* InfoPlist.strings */,
				8CD1AD64150DEC1700A8CF19 /* main.m */,
				8CD1AD66150DEC1700A8CF19 /* NewTest-Prefix.pch */,
			);
			name = "Supporting Files";
			sourceTree = "<group>";
		};
/* End PBXGroup section */

/* Begin PBXNativeTarget section */
		8CD1AD53150DEC1700A8CF19 /* NewTest */ = {
			isa = PBXNativeTarget;
			buildConfigurationList = 8CD1AD86150DEC1700A8CF19 /* Build configuration list for PBXNativeTarget "NewTest" */;
			buildPhases = (
				8CD1AD50150DEC1700A8CF19 /* Sources */,
				8CD1AD51150DEC1700A8CF19 /* Frameworks */,
				8CD1AD52150DEC1700A8CF19 /* Resources */,
			);
			buildRules = (
			);
			dependencies = (
			);
			name = NewTest;
			productName = NewTest;
			productReference = 8CD1AD54150DEC1700A8CF19 /* NewTest.app */;
			productType = "com.apple.product-type.application";
		};
/* End PBXNativeTarget section */

/* Begin PBXProject section */
		8CD1AD4B150DEC1700A8CF19 /* Project object */ = {
			isa = PBXProject;
			attributes = {
				LastUpgradeCheck = 0420;
			};
			buildConfigurationList = 8CD1AD4E150DEC1700A8CF19 /* Build configuration list for PBXProject "NewTest" */;
			compatibilityVersion = "Xcode 3.2";
			developmentRegion = English;
			hasScannedForEncodings = 0;
			knownRegions = (
				en,
			);
			mainGroup = 8CD1AD49150DEC1700A8CF19;
			productRefGroup = 8CD1AD55150DEC1700A8CF19 /* Products */;
			projectDirPath = "";
			projectRoot = "";
			targets = (
				8CD1AD53150DEC1700A8CF19 /* NewTest */,
			);
		};
/* End PBXProject section */

/* Begin PBXResourcesBuildPhase section */
		8CD1AD52150DEC1700A8CF19 /* Resources */ = {
			isa = PBXResourcesBuildPhase;
			buildActionMask = 2147483647;
			files = (
				8CD1AD63150DEC1700A8CF19 /* InfoPlist.strings in Resources */,
				8CD1AD6E150DEC1700A8CF19 /* first.png in Resources */,
				8CD1AD70150DEC1700A8CF19 /* first@2x.png in Resources */,
				8CD1AD75150DEC1700A8CF19 /* second.png in Resources */,
				8CD1AD77150DEC1700A8CF19 /* second@2x.png in Resources */,
				8CD1AD7A150DEC1700A8CF19 /* FirstViewController_iPhone.xib in Resources */,
				8CD1AD7D150DEC1700A8CF19 /* FirstViewController_iPad.xib in Resources */,
				8CD1AD80150DEC1700A8CF19 /* SecondViewController_iPhone.xib in Resources */,
				8CD1AD83150DEC1700A8CF19 /* SecondViewController_iPad.xib in Resources */,
			);
			runOnlyForDeploymentPostprocessing = 0;
		};
/* End PBXResourcesBuildPhase section */

/* Begin PBXSourcesBuildPhase section */
		8CD1AD50150DEC1700A8CF19 /* Sources */ = {
			isa = PBXSourcesBuildPhase;
			buildActionMask = 2147483647;
			files = (
				8CD1AD65150DEC1700A8CF19 /* main.m in Sources */,
				8CD1AD69150DEC1700A8CF19 /* AppDelegate.m in Sources */,
				8CD1AD6C150DEC1700A8CF19 /* FirstViewController.m in Sources */,
				8CD1AD73150DEC1700A8CF19 /* SecondViewController.m in Sources */,
			);
			runOnlyForDeploymentPostprocessing = 0;
		};
/* End PBXSourcesBuildPhase section */

/* Begin PBXVariantGroup section */
		8CD1AD61150DEC1700A8CF19 /* InfoPlist.strings */ = {
			isa = PBXVariantGroup;
			children = (
				8CD1AD62150DEC1700A8CF19 /* en */,
			);
			name = InfoPlist.strings;
			sourceTree = "<group>";
		};
		8CD1AD78150DEC1700A8CF19 /* FirstViewController_iPhone.xib */ = {
			isa = PBXVariantGroup;
			children = (
				8CD1AD79150DEC1700A8CF19 /* en */,
			);
			name = FirstViewController_iPhone.xib;
			sourceTree = "<group>";
		};
		8CD1AD7B150DEC1700A8CF19 /* FirstViewController_iPad.xib */ = {
			isa = PBXVariantGroup;
			children = (
				8CD1AD7C150DEC1700A8CF19 /* en */,
			);
			name = FirstViewController_iPad.xib;
			sourceTree = "<group>";
		};
		8CD1AD7E150DEC1700A8CF19 /* SecondViewController_iPhone.xib */ = {
			isa = PBXVariantGroup;
			children = (
				8CD1AD7F150DEC1700A8CF19 /* en */,
			);
			name = SecondViewController_iPhone.xib;
			sourceTree = "<group>";
		};
		8CD1AD81150DEC1700A8CF19 /* SecondViewController_iPad.xib */ = {
			isa = PBXVariantGroup;
			children = (
				8CD1AD82150DEC1700A8CF19 /* en */,
			);
			name = SecondViewController_iPad.xib;
			sourceTree = "<group>";
		};
/* End PBXVariantGroup section */

/* Begin XCBuildConfiguration section */
		8CD1AD84150DEC1700A8CF19 /* Debug */ = {
			isa = XCBuildConfiguration;
			buildSettings = {
				ALWAYS_SEARCH_USER_PATHS = NO;
				ARCHS = "$(ARCHS_STANDARD_32_BIT)";
				"CODE_SIGN_IDENTITY[sdk=iphoneos*]" = "iPhone Developer";
				COPY_PHASE_STRIP = NO;
				GCC_C_LANGUAGE_STANDARD = gnu99;
				GCC_DYNAMIC_NO_PIC = NO;
				GCC_OPTIMIZATION_LEVEL = 0;
				GCC_PREPROCESSOR_DEFINITIONS = (
					"DEBUG=1",
					"$(inherited)",
				);
				GCC_SYMBOLS_PRIVATE_EXTERN = NO;
				GCC_VERSION = com.apple.compilers.llvm.clang.1_0;
				GCC_WARN_ABOUT_MISSING_PROTOTYPES = YES;
				GCC_WARN_ABOUT_RETURN_TYPE = YES;
				GCC_WARN_UNUSED_VARIABLE = YES;
				IPHONEOS_DEPLOYMENT_TARGET = 5.0;
				SDKROOT = iphoneos;
				TARGETED_DEVICE_FAMILY = "1,2";
			};
			name = Debug;
		};
		8CD1AD85150DEC1700A8CF19 /* Release */ = {
			isa = XCBuildConfiguration;
			buildSettings = {
				ALWAYS_SEARCH_USER_PATHS = NO;
				ARCHS = "$(ARCHS_STANDARD_32_BIT)";
				"CODE_SIGN_IDENTITY[sdk=iphoneos*]" = "iPhone Developer";
				COPY_PHASE_STRIP = YES;
				GCC_C_LANGUAGE_STANDARD = gnu99;
				GCC_VERSION = com.apple.compilers.llvm.clang.1_0;
				GCC_WARN_ABOUT_MISSING_PROTOTYPES = YES;
				GCC_WARN_ABOUT_RETURN_TYPE = YES;
				GCC_WARN_UNUSED_VARIABLE = YES;
				IPHONEOS_DEPLOYMENT_TARGET = 5.0;
				OTHER_CFLAGS = "-DNS_BLOCK_ASSERTIONS=1";
				SDKROOT = iphoneos;
				TARGETED_DEVICE_FAMILY = "1,2";
				VALIDATE_PRODUCT = YES;
			};
			name = Release;
		};
		8CD1AD87150DEC1700A8CF19 /* Debug */ = {
			isa = XCBuildConfiguration;
			buildSettings = {
				GCC_PRECOMPILE_PREFIX_HEADER = YES;
				GCC_PREFIX_HEADER = "NewTest/NewTest-Prefix.pch";
				INFOPLIST_FILE = "NewTest/NewTest-Info.plist";
				PRODUCT_NAME = "$(TARGET_NAME)";
				WRAPPER_EXTENSION = app;
			};
			name = Debug;
		};
		8CD1AD88150DEC1700A8CF19 /* Release */ = {
			isa = XCBuildConfiguration;
			buildSettings = {
				GCC_PRECOMPILE_PREFIX_HEADER = YES;
				GCC_PREFIX_HEADER = "NewTest/NewTest-Prefix.pch";
				INFOPLIST_FILE = "NewTest/NewTest-Info.plist";
				PRODUCT_NAME = "$(TARGET_NAME)";
				WRAPPER_EXTENSION = app;
			};
			name = Release;
		};
/* End XCBuildConfiguration section */

/* Begin XCConfigurationList section */
		8CD1AD4E150DEC1700A8CF19 /* Build configuration list for PBXProject "NewTest" */ = {
			isa = XCConfigurationList;
			buildConfigurations = (
				8CD1AD84150DEC1700A8CF19 /* Debug */,
				8CD1AD85150DEC1700A8CF19 /* Release */,
			);
			defaultConfigurationIsVisible = 0;
			defaultConfigurationName = Release;
		};
		8CD1AD86150DEC1700A8CF19 /* Build configuration list for PBXNativeTarget "NewTest" */ = {
			isa = XCConfigurationList;
			buildConfigurations = (
				8CD1AD87150DEC1700A8CF19 /* Debug */,
				8CD1AD88150DEC1700A8CF19 /* Release */,
			);
			defaultConfigurationIsVisible = 0;
		};
/* End XCConfigurationList section */
	};
	rootObject = 8CD1AD4B150DEC1700A8CF19 /* Project object */;
}
